
Microsoft Visual Studio Solution File, Format Version 12.00
# Visual Studio 2013
VisualStudioVersion = 12.0.21005.1
MinimumVisualStudioVersion = 10.0.40219.1
Project("{FAE04EC0-301F-11D3-BF4B-00C04F79EFBC}") = "ev.EventStore", "ev.EventStore\ev.EventStore.csproj", "{28547AC8-42F6-483C-AC0C-657C697E7791}"
EndProject
Project("{FAE04EC0-301F-11D3-BF4B-00C04F79EFBC}") = "ev.EventStore.Test", "ev.EventStore.Test\ev.EventStore.Test.csproj", "{A724FDE8-0264-446C-944E-CB6BAE2131A4}"
EndProject
Global
	GlobalSection(SolutionConfigurationPlatforms) = preSolution
		Debug|Any CPU = Debug|Any CPU
		Release|Any CPU = Release|Any CPU
	EndGlobalSection
	GlobalSection(ProjectConfigurationPlatforms) = postSolution
		{28547AC8-42F6-483C-AC0C-657C697E7791}.Debug|Any CPU.ActiveCfg = Debug|Any CPU
		{28547AC8-42F6-483C-AC0C-657C697E7791}.Debug|Any CPU.Build.0 = Debug|Any CPU
		{28547AC8-42F6-483C-AC0C-657C697E7791}.Release|Any CPU.ActiveCfg = Release|Any CPU
		{28547AC8-42F6-483C-AC0C-657C697E7791}.Release|Any CPU.Build.0 = Release|Any CPU
		{A724FDE8-0264-446C-944E-CB6BAE2131A4}.Debug|Any CPU.ActiveCfg = Debug|Any CPU
		{A724FDE8-0264-446C-944E-CB6BAE2131A4}.Debug|Any CPU.Build.0 = Debug|Any CPU
		{A724FDE8-0264-446C-944E-CB6BAE2131A4}.Release|Any CPU.ActiveCfg = Release|Any CPU
		{A724FDE8-0264-446C-944E-CB6BAE2131A4}.Release|Any CPU.Build.0 = Release|Any CPU
	EndGlobalSection
	GlobalSection(SolutionProperties) = preSolution
		HideSolutionNode = FALSE
	EndGlobalSection
EndGlobal
