
Microsoft Visual Studio Solution File, Format Version 12.00
# Visual Studio 2013
VisualStudioVersion = 12.0.21005.1
MinimumVisualStudioVersion = 10.0.40219.1
Project("{FAE04EC0-301F-11D3-BF4B-00C04F79EFBC}") = "it.HLClient", "it.HLClient\it.HLClient.csproj", "{F35E443D-C1E6-4D61-8CCF-4E22CBF0A6B5}"
EndProject
Global
	GlobalSection(SolutionConfigurationPlatforms) = preSolution
		Debug|Any CPU = Debug|Any CPU
		Release|Any CPU = Release|Any CPU
	EndGlobalSection
	GlobalSection(ProjectConfigurationPlatforms) = postSolution
		{F35E443D-C1E6-4D61-8CCF-4E22CBF0A6B5}.Debug|Any CPU.ActiveCfg = Debug|Any CPU
		{F35E443D-C1E6-4D61-8CCF-4E22CBF0A6B5}.Debug|Any CPU.Build.0 = Debug|Any CPU
		{F35E443D-C1E6-4D61-8CCF-4E22CBF0A6B5}.Release|Any CPU.ActiveCfg = Release|Any CPU
		{F35E443D-C1E6-4D61-8CCF-4E22CBF0A6B5}.Release|Any CPU.Build.0 = Release|Any CPU
	EndGlobalSection
	GlobalSection(SolutionProperties) = preSolution
		HideSolutionNode = FALSE
	EndGlobalSection
EndGlobal
